
Microsoft Visual Studio Solution File, Format Version 12.00
# Visual Studio Version 17
VisualStudioVersion = 17.14.36518.9 d17.14
MinimumVisualStudioVersion = 10.0.40219.1
Project("{FAE04EC0-301F-11D3-BF4B-00C04F79EFBC}") = "UcakTakip.Api", "UcakTakip.Api\UcakTakip.Api.csproj", "{B1255E82-9CFC-4A7B-914C-60EF8036EF6D}"
EndProject
Global
	GlobalSection(SolutionConfigurationPlatforms) = preSolution
		Debug|Any CPU = Debug|Any CPU
		Release|Any CPU = Release|Any CPU
	EndGlobalSection
	GlobalSection(ProjectConfigurationPlatforms) = postSolution
		{B1255E82-9CFC-4A7B-914C-60EF8036EF6D}.Debug|Any CPU.ActiveCfg = Debug|Any CPU
		{B1255E82-9CFC-4A7B-914C-60EF8036EF6D}.Debug|Any CPU.Build.0 = Debug|Any CPU
		{B1255E82-9CFC-4A7B-914C-60EF8036EF6D}.Release|Any CPU.ActiveCfg = Release|Any CPU
		{B1255E82-9CFC-4A7B-914C-60EF8036EF6D}.Release|Any CPU.Build.0 = Release|Any CPU
	EndGlobalSection
	GlobalSection(SolutionProperties) = preSolution
		HideSolutionNode = FALSE
	EndGlobalSection
	GlobalSection(ExtensibilityGlobals) = postSolution
		SolutionGuid = {39FBDDAE-5131-4219-B8D3-FE8C54436F68}
	EndGlobalSection
EndGlobal
